
Microsoft Visual Studio Solution File, Format Version 12.00
# Visual Studio Version 17
VisualStudioVersion = 17.6.33723.286
MinimumVisualStudioVersion = 10.0.40219.1
Project("{FAE04EC0-301F-11D3-BF4B-00C04F79EFBC}") = "Todo", "Todo\Todo.csproj", "{C6E6B8BA-933B-4129-8F6C-B950969B6016}"
EndProject
Global
	GlobalSection(SolutionConfigurationPlatforms) = preSolution
		Debug|Any CPU = Debug|Any CPU
		Release|Any CPU = Release|Any CPU
	EndGlobalSection
	GlobalSection(ProjectConfigurationPlatforms) = postSolution
		{C6E6B8BA-933B-4129-8F6C-B950969B6016}.Debug|Any CPU.ActiveCfg = Debug|Any CPU
		{C6E6B8BA-933B-4129-8F6C-B950969B6016}.Debug|Any CPU.Build.0 = Debug|Any CPU
		{C6E6B8BA-933B-4129-8F6C-B950969B6016}.Release|Any CPU.ActiveCfg = Release|Any CPU
		{C6E6B8BA-933B-4129-8F6C-B950969B6016}.Release|Any CPU.Build.0 = Release|Any CPU
	EndGlobalSection
	GlobalSection(SolutionProperties) = preSolution
		HideSolutionNode = FALSE
	EndGlobalSection
	GlobalSection(ExtensibilityGlobals) = postSolution
		SolutionGuid = {5905C153-E69D-4DD4-A6BD-E84F976AE47F}
	EndGlobalSection
EndGlobal
